// !$*UTF8*$!
{
	archiveVersion = 1;
	classes = {
	};
	objectVersion = 55;
	objects = {

/* Begin PBXBuildFile section */
		841C947927F171C700B54B78 /* AppDelegate.swift in Sources */ = {isa = PBXBuildFile; fileRef = 841C947827F171C700B54B78 /* AppDelegate.swift */; };
		841C947B27F171C700B54B78 /* SceneDelegate.swift in Sources */ = {isa = PBXBuildFile; fileRef = 841C947A27F171C700B54B78 /* SceneDelegate.swift */; };
		841C947D27F171C700B54B78 /* ViewController.swift in Sources */ = {isa = PBXBuildFile; fileRef = 841C947C27F171C700B54B78 /* ViewController.swift */; };
		841C948027F171C700B54B78 /* Main.storyboard in Resources */ = {isa = PBXBuildFile; fileRef = 841C947E27F171C700B54B78 /* Main.storyboard */; };
		841C948227F171C900B54B78 /* Assets.xcassets in Resources */ = {isa = PBXBuildFile; fileRef = 841C948127F171C900B54B78 /* Assets.xcassets */; };
		841C948527F171C900B54B78 /* LaunchScreen.storyboard in Resources */ = {isa = PBXBuildFile; fileRef = 841C948327F171C900B54B78 /* LaunchScreen.storyboard */; };
		841C949027F171C900B54B78 /* UITableviewProgramaticallyTests.swift in Sources */ = {isa = PBXBuildFile; fileRef = 841C948F27F171C900B54B78 /* UITableviewProgramaticallyTests.swift */; };
		841C949A27F171C900B54B78 /* UITableviewProgramaticallyUITests.swift in Sources */ = {isa = PBXBuildFile; fileRef = 841C949927F171C900B54B78 /* UITableviewProgramaticallyUITests.swift */; };
		841C949C27F171C900B54B78 /* UITableviewProgramaticallyUITestsLaunchTests.swift in Sources */ = {isa = PBXBuildFile; fileRef = 841C949B27F171C900B54B78 /* UITableviewProgramaticallyUITestsLaunchTests.swift */; };
/* End PBXBuildFile section */

/* Begin PBXContainerItemProxy section */
		841C948C27F171C900B54B78 /* PBXContainerItemProxy */ = {
			isa = PBXContainerItemProxy;
			containerPortal = 841C946D27F171C700B54B78 /* Project object */;
			proxyType = 1;
			remoteGlobalIDString = 841C947427F171C700B54B78;
			remoteInfo = UITableviewProgramatically;
		};
		841C949627F171C900B54B78 /* PBXContainerItemProxy */ = {
			isa = PBXContainerItemProxy;
			containerPortal = 841C946D27F171C700B54B78 /* Project object */;
			proxyType = 1;
			remoteGlobalIDString = 841C947427F171C700B54B78;
			remoteInfo = UITableviewProgramatically;
		};
/* End PBXContainerItemProxy section */

/* Begin PBXFileReference section */
		841C947527F171C700B54B78 /* UITableviewProgramatically.app */ = {isa = PBXFileReference; explicitFileType = wrapper.application; includeInIndex = 0; path = UITableviewProgramatically.app; sourceTree = BUILT_PRODUCTS_DIR; };
		841C947827F171C700B54B78 /* AppDelegate.swift */ = {isa = PBXFileReference; lastKnownFileType = sourcecode.swift; path = AppDelegate.swift; sourceTree = "<group>"; };
		841C947A27F171C700B54B78 /* SceneDelegate.swift */ = {isa = PBXFileReference; lastKnownFileType = sourcecode.swift; path = SceneDelegate.swift; sourceTree = "<group>"; };
		841C947C27F171C700B54B78 /* ViewController.swift */ = {isa = PBXFileReference; lastKnownFileType = sourcecode.swift; path = ViewController.swift; sourceTree = "<group>"; };
		841C947F27F171C700B54B78 /* Base */ = {isa = PBXFileReference; lastKnownFileType = file.storyboard; name = Base; path = Base.lproj/Main.storyboard; sourceTree = "<group>"; };
		841C948127F171C900B54B78 /* Assets.xcassets */ = {isa = PBXFileReference; lastKnownFileType = folder.assetcatalog; path = Assets.xcassets; sourceTree = "<group>"; };
		841C948427F171C900B54B78 /* Base */ = {isa = PBXFileReference; lastKnownFileType = file.storyboard; name = Base; path = Base.lproj/LaunchScreen.storyboard; sourceTree = "<group>"; };
		841C948627F171C900B54B78 /* Info.plist */ = {isa = PBXFileReference; lastKnownFileType = text.plist.xml; path = Info.plist; sourceTree = "<group>"; };
		841C948B27F171C900B54B78 /* UITableviewProgramaticallyTests.xctest */ = {isa = PBXFileReference; explicitFileType = wrapper.cfbundle; includeInIndex = 0; path = UITableviewProgramaticallyTests.xctest; sourceTree = BUILT_PRODUCTS_DIR; };
		841C948F27F171C900B54B78 /* UITableviewProgramaticallyTests.swift */ = {isa = PBXFileReference; lastKnownFileType = sourcecode.swift; path = UITableviewProgramaticallyTests.swift; sourceTree = "<group>"; };
		841C949527F171C900B54B78 /* UITableviewProgramaticallyUITests.xctest */ = {isa = PBXFileReference; explicitFileType = wrapper.cfbundle; includeInIndex = 0; path = UITableviewProgramaticallyUITests.xctest; sourceTree = BUILT_PRODUCTS_DIR; };
		841C949927F171C900B54B78 /* UITableviewProgramaticallyUITests.swift */ = {isa = PBXFileReference; lastKnownFileType = sourcecode.swift; path = UITableviewProgramaticallyUITests.swift; sourceTree = "<group>"; };
		841C949B27F171C900B54B78 /* UITableviewProgramaticallyUITestsLaunchTests.swift */ = {isa = PBXFileReference; lastKnownFileType = sourcecode.swift; path = UITableviewProgramaticallyUITestsLaunchTests.swift; sourceTree = "<group>"; };
/* End PBXFileReference section */

/* Begin PBXFrameworksBuildPhase section */
		841C947227F171C700B54B78 /* Frameworks */ = {
			isa = PBXFrameworksBuildPhase;
			buildActionMask = 2147483647;
			files = (
			);
			runOnlyForDeploymentPostprocessing = 0;
		};
		841C948827F171C900B54B78 /* Frameworks */ = {
			isa = PBXFrameworksBuildPhase;
			buildActionMask = 2147483647;
			files = (
			);
			runOnlyForDeploymentPostprocessing = 0;
		};
		841C949227F171C900B54B78 /* Frameworks */ = {
			isa = PBXFrameworksBuildPhase;
			buildActionMask = 2147483647;
			files = (
			);
			runOnlyForDeploymentPostprocessing = 0;
		};
/* End PBXFrameworksBuildPhase section */

/* Begin PBXGroup section */
		841C946C27F171C700B54B78 = {
			isa = PBXGroup;
			children = (
				841C947727F171C700B54B78 /* UITableviewProgramatically */,
				841C948E27F171C900B54B78 /* UITableviewProgramaticallyTests */,
				841C949827F171C900B54B78 /* UITableviewProgramaticallyUITests */,
				841C947627F171C700B54B78 /* Products */,
			);
			sourceTree = "<group>";
		};
		841C947627F171C700B54B78 /* Products */ = {
			isa = PBXGroup;
			children = (
				841C947527F171C700B54B78 /* UITableviewProgramatically.app */,
				841C948B27F171C900B54B78 /* UITableviewProgramaticallyTests.xctest */,
				841C949527F171C900B54B78 /* UITableviewProgramaticallyUITests.xctest */,
			);
			name = Products;
			sourceTree = "<group>";
		};
		841C947727F171C700B54B78 /* UITableviewProgramatically */ = {
			isa = PBXGroup;
			children = (
				841C947827F171C700B54B78 /* AppDelegate.swift */,
				841C947A27F171C700B54B78 /* SceneDelegate.swift */,
				841C947C27F171C700B54B78 /* ViewController.swift */,
				841C947E27F171C700B54B78 /* Main.storyboard */,
				841C948127F171C900B54B78 /* Assets.xcassets */,
				841C948327F171C900B54B78 /* LaunchScreen.storyboard */,
				841C948627F171C900B54B78 /* Info.plist */,
			);
			path = UITableviewProgramatically;
			sourceTree = "<group>";
		};
		841C948E27F171C900B54B78 /* UITableviewProgramaticallyTests */ = {
			isa = PBXGroup;
			children = (
				841C948F27F171C900B54B78 /* UITableviewProgramaticallyTests.swift */,
			);
			path = UITableviewProgramaticallyTests;
			sourceTree = "<group>";
		};
		841C949827F171C900B54B78 /* UITableviewProgramaticallyUITests */ = {
			isa = PBXGroup;
			children = (
				841C949927F171C900B54B78 /* UITableviewProgramaticallyUITests.swift */,
				841C949B27F171C900B54B78 /* UITableviewProgramaticallyUITestsLaunchTests.swift */,
			);
			path = UITableviewProgramaticallyUITests;
			sourceTree = "<group>";
		};
/* End PBXGroup section */

/* Begin PBXNativeTarget section */
		841C947427F171C700B54B78 /* UITableviewProgramatically */ = {
			isa = PBXNativeTarget;
			buildConfigurationList = 841C949F27F171C900B54B78 /* Build configuration list for PBXNativeTarget "UITableviewProgramatically" */;
			buildPhases = (
				841C947127F171C700B54B78 /* Sources */,
				841C947227F171C700B54B78 /* Frameworks */,
				841C947327F171C700B54B78 /* Resources */,
			);
			buildRules = (
			);
			dependencies = (
			);
			name = UITableviewProgramatically;
			productName = UITableviewProgramatically;
			productReference = 841C947527F171C700B54B78 /* UITableviewProgramatically.app */;
			productType = "com.apple.product-type.application";
		};
		841C948A27F171C900B54B78 /* UITableviewProgramaticallyTests */ = {
			isa = PBXNativeTarget;
			buildConfigurationList = 841C94A227F171C900B54B78 /* Build configuration list for PBXNativeTarget "UITableviewProgramaticallyTests" */;
			buildPhases = (
				841C948727F171C900B54B78 /* Sources */,
				841C948827F171C900B54B78 /* Frameworks */,
				841C948927F171C900B54B78 /* Resources */,
			);
			buildRules = (
			);
			dependencies = (
				841C948D27F171C900B54B78 /* PBXTargetDependency */,
			);
			name = UITableviewProgramaticallyTests;
			productName = UITableviewProgramaticallyTests;
			productReference = 841C948B27F171C900B54B78 /* UITableviewProgramaticallyTests.xctest */;
			productType = "com.apple.product-type.bundle.unit-test";
		};
		841C949427F171C900B54B78 /* UITableviewProgramaticallyUITests */ = {
			isa = PBXNativeTarget;
			buildConfigurationList = 841C94A527F171C900B54B78 /* Build configuration list for PBXNativeTarget "UITableviewProgramaticallyUITests" */;
			buildPhases = (
				841C949127F171C900B54B78 /* Sources */,
				841C949227F171C900B54B78 /* Frameworks */,
				841C949327F171C900B54B78 /* Resources */,
			);
			buildRules = (
			);
			dependencies = (
				841C949727F171C900B54B78 /* PBXTargetDependency */,
			);
			name = UITableviewProgramaticallyUITests;
			productName = UITableviewProgramaticallyUITests;
			productReference = 841C949527F171C900B54B78 /* UITableviewProgramaticallyUITests.xctest */;
			productType = "com.apple.product-type.bundle.ui-testing";
		};
/* End PBXNativeTarget section */

/* Begin PBXProject section */
		841C946D27F171C700B54B78 /* Project object */ = {
			isa = PBXProject;
			attributes = {
				BuildIndependentTargetsInParallel = 1;
				LastSwiftUpdateCheck = 1320;
				LastUpgradeCheck = 1320;
				TargetAttributes = {
					841C947427F171C700B54B78 = {
						CreatedOnToolsVersion = 13.2.1;
					};
					841C948A27F171C900B54B78 = {
						CreatedOnToolsVersion = 13.2.1;
						TestTargetID = 841C947427F171C700B54B78;
					};
					841C949427F171C900B54B78 = {
						CreatedOnToolsVersion = 13.2.1;
						TestTargetID = 841C947427F171C700B54B78;
					};
				};
			};
			buildConfigurationList = 841C947027F171C700B54B78 /* Build configuration list for PBXProject "UITableviewProgramatically" */;
			compatibilityVersion = "Xcode 13.0";
			developmentRegion = en;
			hasScannedForEncodings = 0;
			knownRegions = (
				en,
				Base,
			);
			mainGroup = 841C946C27F171C700B54B78;
			productRefGroup = 841C947627F171C700B54B78 /* Products */;
			projectDirPath = "";
			projectRoot = "";
			targets = (
				841C947427F171C700B54B78 /* UITableviewProgramatically */,
				841C948A27F171C900B54B78 /* UITableviewProgramaticallyTests */,
				841C949427F171C900B54B78 /* UITableviewProgramaticallyUITests */,
			);
		};
/* End PBXProject section */

/* Begin PBXResourcesBuildPhase section */
		841C947327F171C700B54B78 /* Resources */ = {
			isa = PBXResourcesBuildPhase;
			buildActionMask = 2147483647;
			files = (
				841C948527F171C900B54B78 /* LaunchScreen.storyboard in Resources */,
				841C948227F171C900B54B78 /* Assets.xcassets in Resources */,
				841C948027F171C700B54B78 /* Main.storyboard in Resources */,
			);
			runOnlyForDeploymentPostprocessing = 0;
		};
		841C948927F171C900B54B78 /* Resources */ = {
			isa = PBXResourcesBuildPhase;
			buildActionMask = 2147483647;
			files = (
			);
			runOnlyForDeploymentPostprocessing = 0;
		};
		841C949327F171C900B54B78 /* Resources */ = {
			isa = PBXResourcesBuildPhase;
			buildActionMask = 2147483647;
			files = (
			);
			runOnlyForDeploymentPostprocessing = 0;
		};
/* End PBXResourcesBuildPhase section */

/* Begin PBXSourcesBuildPhase section */
		841C947127F171C700B54B78 /* Sources */ = {
			isa = PBXSourcesBuildPhase;
			buildActionMask = 2147483647;
			files = (
				841C947D27F171C700B54B78 /* ViewController.swift in Sources */,
				841C947927F171C700B54B78 /* AppDelegate.swift in Sources */,
				841C947B27F171C700B54B78 /* SceneDelegate.swift in Sources */,
			);
			runOnlyForDeploymentPostprocessing = 0;
		};
		841C948727F171C900B54B78 /* Sources */ = {
			isa = PBXSourcesBuildPhase;
			buildActionMask = 2147483647;
			files = (
				841C949027F171C900B54B78 /* UITableviewProgramaticallyTests.swift in Sources */,
			);
			runOnlyForDeploymentPostprocessing = 0;
		};
		841C949127F171C900B54B78 /* Sources */ = {
			isa = PBXSourcesBuildPhase;
			buildActionMask = 2147483647;
			files = (
				841C949C27F171C900B54B78 /* UITableviewProgramaticallyUITestsLaunchTests.swift in Sources */,
				841C949A27F171C900B54B78 /* UITableviewProgramaticallyUITests.swift in Sources */,
			);
			runOnlyForDeploymentPostprocessing = 0;
		};
/* End PBXSourcesBuildPhase section */

/* Begin PBXTargetDependency section */
		841C948D27F171C900B54B78 /* PBXTargetDependency */ = {
			isa = PBXTargetDependency;
			target = 841C947427F171C700B54B78 /* UITableviewProgramatically */;
			targetProxy = 841C948C27F171C900B54B78 /* PBXContainerItemProxy */;
		};
		841C949727F171C900B54B78 /* PBXTargetDependency */ = {
			isa = PBXTargetDependency;
			target = 841C947427F171C700B54B78 /* UITableviewProgramatically */;
			targetProxy = 841C949627F171C900B54B78 /* PBXContainerItemProxy */;
		};
/* End PBXTargetDependency section */

/* Begin PBXVariantGroup section */
		841C947E27F171C700B54B78 /* Main.storyboard */ = {
			isa = PBXVariantGroup;
			children = (
				841C947F27F171C700B54B78 /* Base */,
			);
			name = Main.storyboard;
			sourceTree = "<group>";
		};
		841C948327F171C900B54B78 /* LaunchScreen.storyboard */ = {
			isa = PBXVariantGroup;
			children = (
				841C948427F171C900B54B78 /* Base */,
			);
			name = LaunchScreen.storyboard;
			sourceTree = "<group>";
		};
/* End PBXVariantGroup section */

/* Begin XCBuildConfiguration section */
		841C949D27F171C900B54B78 /* Debug */ = {
			isa = XCBuildConfiguration;
			buildSettings = {
				ALWAYS_SEARCH_USER_PATHS = NO;
				CLANG_ANALYZER_NONNULL = YES;
				CLANG_ANALYZER_NUMBER_OBJECT_CONVERSION = YES_AGGRESSIVE;
				CLANG_CXX_LANGUAGE_STANDARD = "gnu++17";
				CLANG_CXX_LIBRARY = "libc++";
				CLANG_ENABLE_MODULES = YES;
				CLANG_ENABLE_OBJC_ARC = YES;
				CLANG_ENABLE_OBJC_WEAK = YES;
				CLANG_WARN_BLOCK_CAPTURE_AUTORELEASING = YES;
				CLANG_WARN_BOOL_CONVERSION = YES;
				CLANG_WARN_COMMA = YES;
				CLANG_WARN_CONSTANT_CONVERSION = YES;
				CLANG_WARN_DEPRECATED_OBJC_IMPLEMENTATIONS = YES;
				CLANG_WARN_DIRECT_OBJC_ISA_USAGE = YES_ERROR;
				CLANG_WARN_DOCUMENTATION_COMMENTS = YES;
				CLANG_WARN_EMPTY_BODY = YES;
				CLANG_WARN_ENUM_CONVERSION = YES;
				CLANG_WARN_INFINITE_RECURSION = YES;
				CLANG_WARN_INT_CONVERSION = YES;
				CLANG_WARN_NON_LITERAL_NULL_CONVERSION = YES;
				CLANG_WARN_OBJC_IMPLICIT_RETAIN_SELF = YES;
				CLANG_WARN_OBJC_LITERAL_CONVERSION = YES;
				CLANG_WARN_OBJC_ROOT_CLASS = YES_ERROR;
				CLANG_WARN_QUOTED_INCLUDE_IN_FRAMEWORK_HEADER = YES;
				CLANG_WARN_RANGE_LOOP_ANALYSIS = YES;
				CLANG_WARN_STRICT_PROTOTYPES = YES;
				CLANG_WARN_SUSPICIOUS_MOVE = YES;
				CLANG_WARN_UNGUARDED_AVAILABILITY = YES_AGGRESSIVE;
				CLANG_WARN_UNREACHABLE_CODE = YES;
				CLANG_WARN__DUPLICATE_METHOD_MATCH = YES;
				COPY_PHASE_STRIP = NO;
				DEBUG_INFORMATION_FORMAT = dwarf;
				ENABLE_STRICT_OBJC_MSGSEND = YES;
				ENABLE_TESTABILITY = YES;
				GCC_C_LANGUAGE_STANDARD = gnu11;
				GCC_DYNAMIC_NO_PIC = NO;
				GCC_NO_COMMON_BLOCKS = YES;
				GCC_OPTIMIZATION_LEVEL = 0;
				GCC_PREPROCESSOR_DEFINITIONS = (
					"DEBUG=1",
					"$(inherited)",
				);
				GCC_WARN_64_TO_32_BIT_CONVERSION = YES;
				GCC_WARN_ABOUT_RETURN_TYPE = YES_ERROR;
				GCC_WARN_UNDECLARED_SELECTOR = YES;
				GCC_WARN_UNINITIALIZED_AUTOS = YES_AGGRESSIVE;
				GCC_WARN_UNUSED_FUNCTION = YES;
				GCC_WARN_UNUSED_VARIABLE = YES;
				IPHONEOS_DEPLOYMENT_TARGET = 15.2;
				MTL_ENABLE_DEBUG_INFO = INCLUDE_SOURCE;
				MTL_FAST_MATH = YES;
				ONLY_ACTIVE_ARCH = YES;
				SDKROOT = iphoneos;
				SWIFT_ACTIVE_COMPILATION_CONDITIONS = DEBUG;
				SWIFT_OPTIMIZATION_LEVEL = "-Onone";
			};
			name = Debug;
		};
		841C949E27F171C900B54B78 /* Release */ = {
			isa = XCBuildConfiguration;
			buildSettings = {
				ALWAYS_SEARCH_USER_PATHS = NO;
				CLANG_ANALYZER_NONNULL = YES;
				CLANG_ANALYZER_NUMBER_OBJECT_CONVERSION = YES_AGGRESSIVE;
				CLANG_CXX_LANGUAGE_STANDARD = "gnu++17";
				CLANG_CXX_LIBRARY = "libc++";
				CLANG_ENABLE_MODULES = YES;
				CLANG_ENABLE_OBJC_ARC = YES;
				CLANG_ENABLE_OBJC_WEAK = YES;
				CLANG_WARN_BLOCK_CAPTURE_AUTORELEASING = YES;
				CLANG_WARN_BOOL_CONVERSION = YES;
				CLANG_WARN_COMMA = YES;
				CLANG_WARN_CONSTANT_CONVERSION = YES;
				CLANG_WARN_DEPRECATED_OBJC_IMPLEMENTATIONS = YES;
				CLANG_WARN_DIRECT_OBJC_ISA_USAGE = YES_ERROR;
				CLANG_WARN_DOCUMENTATION_COMMENTS = YES;
				CLANG_WARN_EMPTY_BODY = YES;
				CLANG_WARN_ENUM_CONVERSION = YES;
				CLANG_WARN_INFINITE_RECURSION = YES;
				CLANG_WARN_INT_CONVERSION = YES;
				CLANG_WARN_NON_LITERAL_NULL_CONVERSION = YES;
				CLANG_WARN_OBJC_IMPLICIT_RETAIN_SELF = YES;
				CLANG_WARN_OBJC_LITERAL_CONVERSION = YES;
				CLANG_WARN_OBJC_ROOT_CLASS = YES_ERROR;
				CLANG_WARN_QUOTED_INCLUDE_IN_FRAMEWORK_HEADER = YES;
				CLANG_WARN_RANGE_LOOP_ANALYSIS = YES;
				CLANG_WARN_STRICT_PROTOTYPES = YES;
				CLANG_WARN_SUSPICIOUS_MOVE = YES;
				CLANG_WARN_UNGUARDED_AVAILABILITY = YES_AGGRESSIVE;
				CLANG_WARN_UNREACHABLE_CODE = YES;
				CLANG_WARN__DUPLICATE_METHOD_MATCH = YES;
				COPY_PHASE_STRIP = NO;
				DEBUG_INFORMATION_FORMAT = "dwarf-with-dsym";
				ENABLE_NS_ASSERTIONS = NO;
				ENABLE_STRICT_OBJC_MSGSEND = YES;
				GCC_C_LANGUAGE_STANDARD = gnu11;
				GCC_NO_COMMON_BLOCKS = YES;
				GCC_WARN_64_TO_32_BIT_CONVERSION = YES;
				GCC_WARN_ABOUT_RETURN_TYPE = YES_ERROR;
				GCC_WARN_UNDECLARED_SELECTOR = YES;
				GCC_WARN_UNINITIALIZED_AUTOS = YES_AGGRESSIVE;
				GCC_WARN_UNUSED_FUNCTION = YES;
				GCC_WARN_UNUSED_VARIABLE = YES;
				IPHONEOS_DEPLOYMENT_TARGET = 15.2;
				MTL_ENABLE_DEBUG_INFO = NO;
				MTL_FAST_MATH = YES;
				SDKROOT = iphoneos;
				SWIFT_COMPILATION_MODE = wholemodule;
				SWIFT_OPTIMIZATION_LEVEL = "-O";
				VALIDATE_PRODUCT = YES;
			};
			name = Release;
		};
		841C94A027F171C900B54B78 /* Debug */ = {
			isa = XCBuildConfiguration;
			buildSettings = {
				ASSETCATALOG_COMPILER_APPICON_NAME = AppIcon;
				ASSETCATALOG_COMPILER_GLOBAL_ACCENT_COLOR_NAME = AccentColor;
				CODE_SIGN_STYLE = Automatic;
				CURRENT_PROJECT_VERSION = 1;
				GENERATE_INFOPLIST_FILE = YES;
				INFOPLIST_FILE = UITableviewProgramatically/Info.plist;
				INFOPLIST_KEY_UIApplicationSupportsIndirectInputEvents = YES;
				INFOPLIST_KEY_UILaunchStoryboardName = LaunchScreen;
				INFOPLIST_KEY_UIMainStoryboardFile = Main;
				INFOPLIST_KEY_UISupportedInterfaceOrientations_iPad = "UIInterfaceOrientationPortrait UIInterfaceOrientationPortraitUpsideDown UIInterfaceOrientationLandscapeLeft UIInterfaceOrientationLandscapeRight";
				INFOPLIST_KEY_UISupportedInterfaceOrientations_iPhone = "UIInterfaceOrientationPortrait UIInterfaceOrientationLandscapeLeft UIInterfaceOrientationLandscapeRight";
				LD_RUNPATH_SEARCH_PATHS = (
					"$(inherited)",
					"@executable_path/Frameworks",
				);
				MARKETING_VERSION = 1.0;
				PRODUCT_BUNDLE_IDENTIFIER = com.sharad.training.UITableviewProgramatically;
				PRODUCT_NAME = "$(TARGET_NAME)";
				SWIFT_EMIT_LOC_STRINGS = YES;
				SWIFT_VERSION = 5.0;
				TARGETED_DEVICE_FAMILY = "1,2";
			};
			name = Debug;
		};
		841C94A127F171C900B54B78 /* Release */ = {
			isa = XCBuildConfiguration;
			buildSettings = {
				ASSETCATALOG_COMPILER_APPICON_NAME = AppIcon;
				ASSETCATALOG_COMPILER_GLOBAL_ACCENT_COLOR_NAME = AccentColor;
				CODE_SIGN_STYLE = Automatic;
				CURRENT_PROJECT_VERSION = 1;
				GENERATE_INFOPLIST_FILE = YES;
				INFOPLIST_FILE = UITableviewProgramatically/Info.plist;
				INFOPLIST_KEY_UIApplicationSupportsIndirectInputEvents = YES;
				INFOPLIST_KEY_UILaunchStoryboardName = LaunchScreen;
				INFOPLIST_KEY_UIMainStoryboardFile = Main;
				INFOPLIST_KEY_UISupportedInterfaceOrientations_iPad = "UIInterfaceOrientationPortrait UIInterfaceOrientationPortraitUpsideDown UIInterfaceOrientationLandscapeLeft UIInterfaceOrientationLandscapeRight";
				INFOPLIST_KEY_UISupportedInterfaceOrientations_iPhone = "UIInterfaceOrientationPortrait UIInterfaceOrientationLandscapeLeft UIInterfaceOrientationLandscapeRight";
				LD_RUNPATH_SEARCH_PATHS = (
					"$(inherited)",
					"@executable_path/Frameworks",
				);
				MARKETING_VERSION = 1.0;
				PRODUCT_BUNDLE_IDENTIFIER = com.sharad.training.UITableviewProgramatically;
				PRODUCT_NAME = "$(TARGET_NAME)";
				SWIFT_EMIT_LOC_STRINGS = YES;
				SWIFT_VERSION = 5.0;
				TARGETED_DEVICE_FAMILY = "1,2";
			};
			name = Release;
		};
		841C94A327F171C900B54B78 /* Debug */ = {
			isa = XCBuildConfiguration;
			buildSettings = {
				ALWAYS_EMBED_SWIFT_STANDARD_LIBRARIES = YES;
				BUNDLE_LOADER = "$(TEST_HOST)";
				CODE_SIGN_STYLE = Automatic;
				CURRENT_PROJECT_VERSION = 1;
				GENERATE_INFOPLIST_FILE = YES;
				IPHONEOS_DEPLOYMENT_TARGET = 15.2;
				MARKETING_VERSION = 1.0;
				PRODUCT_BUNDLE_IDENTIFIER = com.sharad.training.UITableviewProgramaticallyTests;
				PRODUCT_NAME = "$(TARGET_NAME)";
				SWIFT_EMIT_LOC_STRINGS = NO;
				SWIFT_VERSION = 5.0;
				TARGETED_DEVICE_FAMILY = "1,2";
				TEST_HOST = "$(BUILT_PRODUCTS_DIR)/UITableviewProgramatically.app/UITableviewProgramatically";
			};
			name = Debug;
		};
		841C94A427F171C900B54B78 /* Release */ = {
			isa = XCBuildConfiguration;
			buildSettings = {
				ALWAYS_EMBED_SWIFT_STANDARD_LIBRARIES = YES;
				BUNDLE_LOADER = "$(TEST_HOST)";
				CODE_SIGN_STYLE = Automatic;
				CURRENT_PROJECT_VERSION = 1;
				GENERATE_INFOPLIST_FILE = YES;
				IPHONEOS_DEPLOYMENT_TARGET = 15.2;
				MARKETING_VERSION = 1.0;
				PRODUCT_BUNDLE_IDENTIFIER = com.sharad.training.UITableviewProgramaticallyTests;
				PRODUCT_NAME = "$(TARGET_NAME)";
				SWIFT_EMIT_LOC_STRINGS = NO;
				SWIFT_VERSION = 5.0;
				TARGETED_DEVICE_FAMILY = "1,2";
				TEST_HOST = "$(BUILT_PRODUCTS_DIR)/UITableviewProgramatically.app/UITableviewProgramatically";
			};
			name = Release;
		};
		841C94A627F171C900B54B78 /* Debug */ = {
			isa = XCBuildConfiguration;
			buildSettings = {
				ALWAYS_EMBED_SWIFT_STANDARD_LIBRARIES = YES;
				CODE_SIGN_STYLE = Automatic;
				CURRENT_PROJECT_VERSION = 1;
				GENERATE_INFOPLIST_FILE = YES;
				MARKETING_VERSION = 1.0;
				PRODUCT_BUNDLE_IDENTIFIER = com.sharad.training.UITableviewProgramaticallyUITests;
				PRODUCT_NAME = "$(TARGET_NAME)";
				SWIFT_EMIT_LOC_STRINGS = NO;
				SWIFT_VERSION = 5.0;
				TARGETED_DEVICE_FAMILY = "1,2";
				TEST_TARGET_NAME = UITableviewProgramatically;
			};
			name = Debug;
		};
		841C94A727F171C900B54B78 /* Release */ = {
			isa = XCBuildConfiguration;
			buildSettings = {
				ALWAYS_EMBED_SWIFT_STANDARD_LIBRARIES = YES;
				CODE_SIGN_STYLE = Automatic;
				CURRENT_PROJECT_VERSION = 1;
				GENERATE_INFOPLIST_FILE = YES;
				MARKETING_VERSION = 1.0;
				PRODUCT_BUNDLE_IDENTIFIER = com.sharad.training.UITableviewProgramaticallyUITests;
				PRODUCT_NAME = "$(TARGET_NAME)";
				SWIFT_EMIT_LOC_STRINGS = NO;
				SWIFT_VERSION = 5.0;
				TARGETED_DEVICE_FAMILY = "1,2";
				TEST_TARGET_NAME = UITableviewProgramatically;
			};
			name = Release;
		};
/* End XCBuildConfiguration section */

/* Begin XCConfigurationList section */
		841C947027F171C700B54B78 /* Build configuration list for PBXProject "UITableviewProgramatically" */ = {
			isa = XCConfigurationList;
			buildConfigurations = (
				841C949D27F171C900B54B78 /* Debug */,
				841C949E27F171C900B54B78 /* Release */,
			);
			defaultConfigurationIsVisible = 0;
			defaultConfigurationName = Release;
		};
		841C949F27F171C900B54B78 /* Build configuration list for PBXNativeTarget "UITableviewProgramatically" */ = {
			isa = XCConfigurationList;
			buildConfigurations = (
				841C94A027F171C900B54B78 /* Debug */,
				841C94A127F171C900B54B78 /* Release */,
			);
			defaultConfigurationIsVisible = 0;
			defaultConfigurationName = Release;
		};
		841C94A227F171C900B54B78 /* Build configuration list for PBXNativeTarget "UITableviewProgramaticallyTests" */ = {
			isa = XCConfigurationList;
			buildConfigurations = (
				841C94A327F171C900B54B78 /* Debug */,
				841C94A427F171C900B54B78 /* Release */,
			);
			defaultConfigurationIsVisible = 0;
			defaultConfigurationName = Release;
		};
		841C94A527F171C900B54B78 /* Build configuration list for PBXNativeTarget "UITableviewProgramaticallyUITests" */ = {
			isa = XCConfigurationList;
			buildConfigurations = (
				841C94A627F171C900B54B78 /* Debug */,
				841C94A727F171C900B54B78 /* Release */,
			);
			defaultConfigurationIsVisible = 0;
			defaultConfigurationName = Release;
		};
/* End XCConfigurationList section */
	};
	rootObject = 841C946D27F171C700B54B78 /* Project object */;
}
